// !$*UTF8*$!
{
	archiveVersion = 1;
	classes = {
	};
	objectVersion = 77;
	objects = {

/* Begin PBXBuildFile section */
		08C507209163925D70402A25 /* EventKitRemindersService.swift in Sources */ = {isa = PBXBuildFile; fileRef = A67ADAFC102AC71EE087BD6E /* EventKitRemindersService.swift */; };
		1C5BFC79515F06F559313FB4 /* AddTaskSheet.swift in Sources */ = {isa = PBXBuildFile; fileRef = 70ABF40ABD611E676AE43560 /* AddTaskSheet.swift */; };
		1EDD36506EDC098A1C740CE3 /* SelectionStore.swift in Sources */ = {isa = PBXBuildFile; fileRef = 2F346652DC3D832B10E62A54 /* SelectionStore.swift */; };
		261661A94965EAC1959107DA /* UniformRandomTopLevelPolicyTests.swift in Sources */ = {isa = PBXBuildFile; fileRef = 97859C8EE67792A23C73D74F /* UniformRandomTopLevelPolicyTests.swift */; };
		2D4DAE5117A63EB0953D5D94 /* RandomSelectionPolicy.swift in Sources */ = {isa = PBXBuildFile; fileRef = 523BF9EBE35BE37299CCF566 /* RandomSelectionPolicy.swift */; };
		32B1C25D313A11AAEE51E158 /* TaskFocusView.swift in Sources */ = {isa = PBXBuildFile; fileRef = 33DFF2BDB5DCD91C4AC72638 /* TaskFocusView.swift */; };
		3574236E9AFCEAF8958B5B87 /* AppConfig.swift in Sources */ = {isa = PBXBuildFile; fileRef = 7F013528CA9350091CF39245 /* AppConfig.swift */; };
		360176AFA52FA6A415B1FA3F /* MockRemindersService.swift in Sources */ = {isa = PBXBuildFile; fileRef = 6387EC86FE304FE87706B23B /* MockRemindersService.swift */; };
		3AA01BB320566EC2812D98BF /* ListSetupView.swift in Sources */ = {isa = PBXBuildFile; fileRef = 0DC6E3F60397339805700DD4 /* ListSetupView.swift */; };
		4D685DCBBCE8549D6B1010C5 /* AppViewModelTests.swift in Sources */ = {isa = PBXBuildFile; fileRef = C3D49B6C5779CC00A5687625 /* AppViewModelTests.swift */; };
		55B56CB11DA61BE819F9A23A /* RootView.swift in Sources */ = {isa = PBXBuildFile; fileRef = 48F43B0DC96A9612D88444CE /* RootView.swift */; };
		7A1E4104C406CEC5AFC0F99B /* EmptyListView.swift in Sources */ = {isa = PBXBuildFile; fileRef = D84A97EE02769BD10123FB3A /* EmptyListView.swift */; };
		9540E570FFCC2CFCFD2FBFBA /* PostItCard.swift in Sources */ = {isa = PBXBuildFile; fileRef = 06406949F655DBC0E87E1D3D /* PostItCard.swift */; };
		9CE585C776F23ADC597D48E9 /* SelectionStoreTests.swift in Sources */ = {isa = PBXBuildFile; fileRef = 7F73D84A6E06658E5FBF7CE2 /* SelectionStoreTests.swift */; };
		A7F1239C36DE24F766BA26EF /* AppViewModel.swift in Sources */ = {isa = PBXBuildFile; fileRef = C4A30AB47C462A09439667F8 /* AppViewModel.swift */; };
		B0412FA365206B307BF16BFA /* MonotaskApp.swift in Sources */ = {isa = PBXBuildFile; fileRef = 2D5F84623697F5029EC94237 /* MonotaskApp.swift */; };
		CB12BAE345F7A2827FE532FE /* DesignColors.swift in Sources */ = {isa = PBXBuildFile; fileRef = B91F9D125026E1E93BD923B3 /* DesignColors.swift */; };
		D9EE1CA529E65990145EEFE9 /* Assets.xcassets in Resources */ = {isa = PBXBuildFile; fileRef = E800D7EDE150EA3E6252EB32 /* Assets.xcassets */; };
		DBB761004F4B2B7644A0AB40 /* ReminderTask.swift in Sources */ = {isa = PBXBuildFile; fileRef = 25DA5A23BB9C638DA8409188 /* ReminderTask.swift */; };
		E2644C875847A420E312A506 /* PermissionInstructionsView.swift in Sources */ = {isa = PBXBuildFile; fileRef = D446D2DF1AAFB0F5EB6FBC07 /* PermissionInstructionsView.swift */; };
		F8EDF8E1C0E26AC14643B7C0 /* RemindersService.swift in Sources */ = {isa = PBXBuildFile; fileRef = 005C397DC31EBA4CE9302FF0 /* RemindersService.swift */; };
/* End PBXBuildFile section */

/* Begin PBXContainerItemProxy section */
		B5EB3D59521A1D9FA997B4EF /* PBXContainerItemProxy */ = {
			isa = PBXContainerItemProxy;
			containerPortal = B5C95FDD9E33B453AF96E710 /* Project object */;
			proxyType = 1;
			remoteGlobalIDString = 0D0F5EDC0BB55C80F640B694;
			remoteInfo = Monotask;
		};
/* End PBXContainerItemProxy section */

/* Begin PBXFileReference section */
		005C397DC31EBA4CE9302FF0 /* RemindersService.swift */ = {isa = PBXFileReference; lastKnownFileType = sourcecode.swift; path = RemindersService.swift; sourceTree = "<group>"; };
		06406949F655DBC0E87E1D3D /* PostItCard.swift */ = {isa = PBXFileReference; lastKnownFileType = sourcecode.swift; path = PostItCard.swift; sourceTree = "<group>"; };
		0DC6E3F60397339805700DD4 /* ListSetupView.swift */ = {isa = PBXFileReference; lastKnownFileType = sourcecode.swift; path = ListSetupView.swift; sourceTree = "<group>"; };
		25DA5A23BB9C638DA8409188 /* ReminderTask.swift */ = {isa = PBXFileReference; lastKnownFileType = sourcecode.swift; path = ReminderTask.swift; sourceTree = "<group>"; };
		2D5F84623697F5029EC94237 /* MonotaskApp.swift */ = {isa = PBXFileReference; lastKnownFileType = sourcecode.swift; path = MonotaskApp.swift; sourceTree = "<group>"; };
		2F346652DC3D832B10E62A54 /* SelectionStore.swift */ = {isa = PBXFileReference; lastKnownFileType = sourcecode.swift; path = SelectionStore.swift; sourceTree = "<group>"; };
		33DFF2BDB5DCD91C4AC72638 /* TaskFocusView.swift */ = {isa = PBXFileReference; lastKnownFileType = sourcecode.swift; path = TaskFocusView.swift; sourceTree = "<group>"; };
		48F43B0DC96A9612D88444CE /* RootView.swift */ = {isa = PBXFileReference; lastKnownFileType = sourcecode.swift; path = RootView.swift; sourceTree = "<group>"; };
		523BF9EBE35BE37299CCF566 /* RandomSelectionPolicy.swift */ = {isa = PBXFileReference; lastKnownFileType = sourcecode.swift; path = RandomSelectionPolicy.swift; sourceTree = "<group>"; };
		6387EC86FE304FE87706B23B /* MockRemindersService.swift */ = {isa = PBXFileReference; lastKnownFileType = sourcecode.swift; path = MockRemindersService.swift; sourceTree = "<group>"; };
		70ABF40ABD611E676AE43560 /* AddTaskSheet.swift */ = {isa = PBXFileReference; lastKnownFileType = sourcecode.swift; path = AddTaskSheet.swift; sourceTree = "<group>"; };
		75DA0B54B0B47596455685CB /* Monotask.app */ = {isa = PBXFileReference; explicitFileType = wrapper.application; includeInIndex = 0; path = Monotask.app; sourceTree = BUILT_PRODUCTS_DIR; };
		7F013528CA9350091CF39245 /* AppConfig.swift */ = {isa = PBXFileReference; lastKnownFileType = sourcecode.swift; path = AppConfig.swift; sourceTree = "<group>"; };
		7F73D84A6E06658E5FBF7CE2 /* SelectionStoreTests.swift */ = {isa = PBXFileReference; lastKnownFileType = sourcecode.swift; path = SelectionStoreTests.swift; sourceTree = "<group>"; };
		8FFD8A1586A517CC5B83804F /* MonotaskSigning.local.xcconfig */ = {isa = PBXFileReference; lastKnownFileType = text.xcconfig; path = MonotaskSigning.local.xcconfig; sourceTree = "<group>"; };
		97859C8EE67792A23C73D74F /* UniformRandomTopLevelPolicyTests.swift */ = {isa = PBXFileReference; lastKnownFileType = sourcecode.swift; path = UniformRandomTopLevelPolicyTests.swift; sourceTree = "<group>"; };
		A19DE4889FDD92F317F75BD3 /* Info.plist */ = {isa = PBXFileReference; lastKnownFileType = text.plist; path = Info.plist; sourceTree = "<group>"; };
		A67ADAFC102AC71EE087BD6E /* EventKitRemindersService.swift */ = {isa = PBXFileReference; lastKnownFileType = sourcecode.swift; path = EventKitRemindersService.swift; sourceTree = "<group>"; };
		B91F9D125026E1E93BD923B3 /* DesignColors.swift */ = {isa = PBXFileReference; lastKnownFileType = sourcecode.swift; path = DesignColors.swift; sourceTree = "<group>"; };
		BAD00AC729E55C092B963F8D /* MonotaskTests.xctest */ = {isa = PBXFileReference; explicitFileType = wrapper.cfbundle; includeInIndex = 0; path = MonotaskTests.xctest; sourceTree = BUILT_PRODUCTS_DIR; };
		C24576CAE9EF72FAF0A56F1C /* MonotaskSigning.xcconfig */ = {isa = PBXFileReference; lastKnownFileType = text.xcconfig; path = MonotaskSigning.xcconfig; sourceTree = "<group>"; };
		C3D49B6C5779CC00A5687625 /* AppViewModelTests.swift */ = {isa = PBXFileReference; lastKnownFileType = sourcecode.swift; path = AppViewModelTests.swift; sourceTree = "<group>"; };
		C4A30AB47C462A09439667F8 /* AppViewModel.swift */ = {isa = PBXFileReference; lastKnownFileType = sourcecode.swift; path = AppViewModel.swift; sourceTree = "<group>"; };
		D446D2DF1AAFB0F5EB6FBC07 /* PermissionInstructionsView.swift */ = {isa = PBXFileReference; lastKnownFileType = sourcecode.swift; path = PermissionInstructionsView.swift; sourceTree = "<group>"; };
		D84A97EE02769BD10123FB3A /* EmptyListView.swift */ = {isa = PBXFileReference; lastKnownFileType = sourcecode.swift; path = EmptyListView.swift; sourceTree = "<group>"; };
		E800D7EDE150EA3E6252EB32 /* Assets.xcassets */ = {isa = PBXFileReference; lastKnownFileType = folder.assetcatalog; path = Assets.xcassets; sourceTree = "<group>"; };
/* End PBXFileReference section */

/* Begin PBXGroup section */
		1E7D37189E4F05A45FD49620 /* Products */ = {
			isa = PBXGroup;
			children = (
				75DA0B54B0B47596455685CB /* Monotask.app */,
				BAD00AC729E55C092B963F8D /* MonotaskTests.xctest */,
			);
			name = Products;
			sourceTree = "<group>";
		};
		267028490A3E03178CBD7DA2 /* State */ = {
			isa = PBXGroup;
			children = (
				C4A30AB47C462A09439667F8 /* AppViewModel.swift */,
				2F346652DC3D832B10E62A54 /* SelectionStore.swift */,
			);
			path = State;
			sourceTree = "<group>";
		};
		438326E0A5E046B4B44680C1 /* MonotaskTests */ = {
			isa = PBXGroup;
			children = (
				C3D49B6C5779CC00A5687625 /* AppViewModelTests.swift */,
				7F73D84A6E06658E5FBF7CE2 /* SelectionStoreTests.swift */,
				97859C8EE67792A23C73D74F /* UniformRandomTopLevelPolicyTests.swift */,
			);
			path = MonotaskTests;
			sourceTree = "<group>";
		};
		4C04DEEF7ED3D08E295D97B3 = {
			isa = PBXGroup;
			children = (
				FB5DE07962C14DE49D49D034 /* Monotask */,
				438326E0A5E046B4B44680C1 /* MonotaskTests */,
				1E7D37189E4F05A45FD49620 /* Products */,
			);
			sourceTree = "<group>";
		};
		6414157C8325752801FCACAA /* Services */ = {
			isa = PBXGroup;
			children = (
				A67ADAFC102AC71EE087BD6E /* EventKitRemindersService.swift */,
				6387EC86FE304FE87706B23B /* MockRemindersService.swift */,
				005C397DC31EBA4CE9302FF0 /* RemindersService.swift */,
			);
			path = Services;
			sourceTree = "<group>";
		};
		7DCF0DC570D4639E6E6F0373 /* Selection */ = {
			isa = PBXGroup;
			children = (
				523BF9EBE35BE37299CCF566 /* RandomSelectionPolicy.swift */,
			);
			path = Selection;
			sourceTree = "<group>";
		};
		A6A2073ED205462C59D512A8 /* Views */ = {
			isa = PBXGroup;
			children = (
				70ABF40ABD611E676AE43560 /* AddTaskSheet.swift */,
				D84A97EE02769BD10123FB3A /* EmptyListView.swift */,
				0DC6E3F60397339805700DD4 /* ListSetupView.swift */,
				D446D2DF1AAFB0F5EB6FBC07 /* PermissionInstructionsView.swift */,
				06406949F655DBC0E87E1D3D /* PostItCard.swift */,
				48F43B0DC96A9612D88444CE /* RootView.swift */,
				33DFF2BDB5DCD91C4AC72638 /* TaskFocusView.swift */,
			);
			path = Views;
			sourceTree = "<group>";
		};
		AD7F834620C41F7FD99B3BEF /* Models */ = {
			isa = PBXGroup;
			children = (
				25DA5A23BB9C638DA8409188 /* ReminderTask.swift */,
			);
			path = Models;
			sourceTree = "<group>";
		};
		E8A4815FB48EF48054BA102F /* App */ = {
			isa = PBXGroup;
			children = (
				7F013528CA9350091CF39245 /* AppConfig.swift */,
				A19DE4889FDD92F317F75BD3 /* Info.plist */,
				2D5F84623697F5029EC94237 /* MonotaskApp.swift */,
			);
			path = App;
			sourceTree = "<group>";
		};
		E8DFA5F117CB47711CCBCC92 /* Resources */ = {
			isa = PBXGroup;
			children = (
				E800D7EDE150EA3E6252EB32 /* Assets.xcassets */,
				B91F9D125026E1E93BD923B3 /* DesignColors.swift */,
			);
			path = Resources;
			sourceTree = "<group>";
		};
		FAFD28CB9BE15602F6438082 /* Config */ = {
			isa = PBXGroup;
			children = (
				8FFD8A1586A517CC5B83804F /* MonotaskSigning.local.xcconfig */,
				C24576CAE9EF72FAF0A56F1C /* MonotaskSigning.xcconfig */,
			);
			path = Config;
			sourceTree = "<group>";
		};
		FB5DE07962C14DE49D49D034 /* Monotask */ = {
			isa = PBXGroup;
			children = (
				E8A4815FB48EF48054BA102F /* App */,
				FAFD28CB9BE15602F6438082 /* Config */,
				AD7F834620C41F7FD99B3BEF /* Models */,
				E8DFA5F117CB47711CCBCC92 /* Resources */,
				7DCF0DC570D4639E6E6F0373 /* Selection */,
				6414157C8325752801FCACAA /* Services */,
				267028490A3E03178CBD7DA2 /* State */,
				A6A2073ED205462C59D512A8 /* Views */,
			);
			path = Monotask;
			sourceTree = "<group>";
		};
/* End PBXGroup section */

/* Begin PBXNativeTarget section */
		0D0F5EDC0BB55C80F640B694 /* Monotask */ = {
			isa = PBXNativeTarget;
			buildConfigurationList = 3479483E8664B9BDBE226CBB /* Build configuration list for PBXNativeTarget "Monotask" */;
			buildPhases = (
				45125B462C62A3FAE6788BD0 /* Sources */,
				19311F3C370357D13BCD2987 /* Resources */,
			);
			buildRules = (
			);
			dependencies = (
			);
			name = Monotask;
			packageProductDependencies = (
			);
			productName = Monotask;
			productReference = 75DA0B54B0B47596455685CB /* Monotask.app */;
			productType = "com.apple.product-type.application";
		};
		FBB5EE23A891B618BAF8BF07 /* MonotaskTests */ = {
			isa = PBXNativeTarget;
			buildConfigurationList = 7BE97507826ABBDB5229CBDB /* Build configuration list for PBXNativeTarget "MonotaskTests" */;
			buildPhases = (
				95DE5EB21F9026269CF3C513 /* Sources */,
			);
			buildRules = (
			);
			dependencies = (
				428102C460D937D725F8116A /* PBXTargetDependency */,
			);
			name = MonotaskTests;
			packageProductDependencies = (
			);
			productName = MonotaskTests;
			productReference = BAD00AC729E55C092B963F8D /* MonotaskTests.xctest */;
			productType = "com.apple.product-type.bundle.unit-test";
		};
/* End PBXNativeTarget section */

/* Begin PBXProject section */
		B5C95FDD9E33B453AF96E710 /* Project object */ = {
			isa = PBXProject;
			attributes = {
				BuildIndependentTargetsInParallel = YES;
				LastUpgradeCheck = 2640;
			};
			buildConfigurationList = 6BFB00E8D9F309545F5D247D /* Build configuration list for PBXProject "Monotask" */;
			developmentRegion = en;
			hasScannedForEncodings = 0;
			knownRegions = (
				Base,
				en,
			);
			mainGroup = 4C04DEEF7ED3D08E295D97B3;
			minimizedProjectReferenceProxies = 1;
			preferredProjectObjectVersion = 77;
			productRefGroup = 1E7D37189E4F05A45FD49620 /* Products */;
			projectDirPath = "";
			projectRoot = "";
			targets = (
				0D0F5EDC0BB55C80F640B694 /* Monotask */,
				FBB5EE23A891B618BAF8BF07 /* MonotaskTests */,
			);
		};
/* End PBXProject section */

/* Begin PBXResourcesBuildPhase section */
		19311F3C370357D13BCD2987 /* Resources */ = {
			isa = PBXResourcesBuildPhase;
			buildActionMask = 2147483647;
			files = (
				D9EE1CA529E65990145EEFE9 /* Assets.xcassets in Resources */,
			);
			runOnlyForDeploymentPostprocessing = 0;
		};
/* End PBXResourcesBuildPhase section */

/* Begin PBXSourcesBuildPhase section */
		45125B462C62A3FAE6788BD0 /* Sources */ = {
			isa = PBXSourcesBuildPhase;
			buildActionMask = 2147483647;
			files = (
				1C5BFC79515F06F559313FB4 /* AddTaskSheet.swift in Sources */,
				3574236E9AFCEAF8958B5B87 /* AppConfig.swift in Sources */,
				A7F1239C36DE24F766BA26EF /* AppViewModel.swift in Sources */,
				CB12BAE345F7A2827FE532FE /* DesignColors.swift in Sources */,
				7A1E4104C406CEC5AFC0F99B /* EmptyListView.swift in Sources */,
				08C507209163925D70402A25 /* EventKitRemindersService.swift in Sources */,
				3AA01BB320566EC2812D98BF /* ListSetupView.swift in Sources */,
				360176AFA52FA6A415B1FA3F /* MockRemindersService.swift in Sources */,
				B0412FA365206B307BF16BFA /* MonotaskApp.swift in Sources */,
				E2644C875847A420E312A506 /* PermissionInstructionsView.swift in Sources */,
				9540E570FFCC2CFCFD2FBFBA /* PostItCard.swift in Sources */,
				2D4DAE5117A63EB0953D5D94 /* RandomSelectionPolicy.swift in Sources */,
				DBB761004F4B2B7644A0AB40 /* ReminderTask.swift in Sources */,
				F8EDF8E1C0E26AC14643B7C0 /* RemindersService.swift in Sources */,
				55B56CB11DA61BE819F9A23A /* RootView.swift in Sources */,
				1EDD36506EDC098A1C740CE3 /* SelectionStore.swift in Sources */,
				32B1C25D313A11AAEE51E158 /* TaskFocusView.swift in Sources */,
			);
			runOnlyForDeploymentPostprocessing = 0;
		};
		95DE5EB21F9026269CF3C513 /* Sources */ = {
			isa = PBXSourcesBuildPhase;
			buildActionMask = 2147483647;
			files = (
				4D685DCBBCE8549D6B1010C5 /* AppViewModelTests.swift in Sources */,
				9CE585C776F23ADC597D48E9 /* SelectionStoreTests.swift in Sources */,
				261661A94965EAC1959107DA /* UniformRandomTopLevelPolicyTests.swift in Sources */,
			);
			runOnlyForDeploymentPostprocessing = 0;
		};
/* End PBXSourcesBuildPhase section */

/* Begin PBXTargetDependency section */
		428102C460D937D725F8116A /* PBXTargetDependency */ = {
			isa = PBXTargetDependency;
			target = 0D0F5EDC0BB55C80F640B694 /* Monotask */;
			targetProxy = B5EB3D59521A1D9FA997B4EF /* PBXContainerItemProxy */;
		};
/* End PBXTargetDependency section */

/* Begin XCBuildConfiguration section */
		8EF518D59693BB9644DA2BAE /* Release */ = {
			isa = XCBuildConfiguration;
			buildSettings = {
				ALWAYS_SEARCH_USER_PATHS = NO;
				CLANG_ANALYZER_NONNULL = YES;
				CLANG_ANALYZER_NUMBER_OBJECT_CONVERSION = YES_AGGRESSIVE;
				CLANG_CXX_LANGUAGE_STANDARD = "gnu++14";
				CLANG_CXX_LIBRARY = "libc++";
				CLANG_ENABLE_MODULES = YES;
				CLANG_ENABLE_OBJC_ARC = YES;
				CLANG_ENABLE_OBJC_WEAK = YES;
				CLANG_WARN_BLOCK_CAPTURE_AUTORELEASING = YES;
				CLANG_WARN_BOOL_CONVERSION = YES;
				CLANG_WARN_COMMA = YES;
				CLANG_WARN_CONSTANT_CONVERSION = YES;
				CLANG_WARN_DEPRECATED_OBJC_IMPLEMENTATIONS = YES;
				CLANG_WARN_DIRECT_OBJC_ISA_USAGE = YES_ERROR;
				CLANG_WARN_DOCUMENTATION_COMMENTS = YES;
				CLANG_WARN_EMPTY_BODY = YES;
				CLANG_WARN_ENUM_CONVERSION = YES;
				CLANG_WARN_INFINITE_RECURSION = YES;
				CLANG_WARN_INT_CONVERSION = YES;
				CLANG_WARN_NON_LITERAL_NULL_CONVERSION = YES;
				CLANG_WARN_OBJC_IMPLICIT_RETAIN_SELF = YES;
				CLANG_WARN_OBJC_LITERAL_CONVERSION = YES;
				CLANG_WARN_OBJC_ROOT_CLASS = YES_ERROR;
				CLANG_WARN_QUOTED_INCLUDE_IN_FRAMEWORK_HEADER = YES;
				CLANG_WARN_RANGE_LOOP_ANALYSIS = YES;
				CLANG_WARN_STRICT_PROTOTYPES = YES;
				CLANG_WARN_SUSPICIOUS_MOVE = YES;
				CLANG_WARN_UNGUARDED_AVAILABILITY = YES_AGGRESSIVE;
				CLANG_WARN_UNREACHABLE_CODE = YES;
				CLANG_WARN__DUPLICATE_METHOD_MATCH = YES;
				COPY_PHASE_STRIP = NO;
				DEBUG_INFORMATION_FORMAT = "dwarf-with-dsym";
				ENABLE_NS_ASSERTIONS = NO;
				ENABLE_STRICT_OBJC_MSGSEND = YES;
				ENABLE_USER_SCRIPT_SANDBOXING = YES;
				GCC_C_LANGUAGE_STANDARD = gnu11;
				GCC_NO_COMMON_BLOCKS = YES;
				GCC_WARN_64_TO_32_BIT_CONVERSION = YES;
				GCC_WARN_ABOUT_RETURN_TYPE = YES_ERROR;
				GCC_WARN_UNDECLARED_SELECTOR = YES;
				GCC_WARN_UNINITIALIZED_AUTOS = YES_AGGRESSIVE;
				GCC_WARN_UNUSED_FUNCTION = YES;
				GCC_WARN_UNUSED_VARIABLE = YES;
				IPHONEOS_DEPLOYMENT_TARGET = 18.0;
				MTL_ENABLE_DEBUG_INFO = NO;
				MTL_FAST_MATH = YES;
				PRODUCT_NAME = "$(TARGET_NAME)";
				SDKROOT = iphoneos;
				STRING_CATALOG_GENERATE_SYMBOLS = YES;
				SWIFT_COMPILATION_MODE = wholemodule;
				SWIFT_OPTIMIZATION_LEVEL = "-O";
				SWIFT_VERSION = 5.0;
			};
			name = Release;
		};
		9AF6DD85B4FBCEC8861868BC /* Debug */ = {
			isa = XCBuildConfiguration;
			baseConfigurationReference = C24576CAE9EF72FAF0A56F1C /* MonotaskSigning.xcconfig */;
			buildSettings = {
				BUNDLE_LOADER = "$(TEST_HOST)";
				GENERATE_INFOPLIST_FILE = YES;
				LD_RUNPATH_SEARCH_PATHS = (
					"$(inherited)",
					"@executable_path/Frameworks",
					"@loader_path/Frameworks",
				);
				PRODUCT_BUNDLE_IDENTIFIER = com.monotask.MonotaskTests;
				SDKROOT = iphoneos;
				TARGETED_DEVICE_FAMILY = "1,2";
				TEST_HOST = "$(BUILT_PRODUCTS_DIR)/Monotask.app/$(BUNDLE_EXECUTABLE_FOLDER_PATH)/Monotask";
			};
			name = Debug;
		};
		C8AA34D7BAFF8A17413286D8 /* Debug */ = {
			isa = XCBuildConfiguration;
			buildSettings = {
				ALWAYS_SEARCH_USER_PATHS = NO;
				CLANG_ANALYZER_NONNULL = YES;
				CLANG_ANALYZER_NUMBER_OBJECT_CONVERSION = YES_AGGRESSIVE;
				CLANG_CXX_LANGUAGE_STANDARD = "gnu++14";
				CLANG_CXX_LIBRARY = "libc++";
				CLANG_ENABLE_MODULES = YES;
				CLANG_ENABLE_OBJC_ARC = YES;
				CLANG_ENABLE_OBJC_WEAK = YES;
				CLANG_WARN_BLOCK_CAPTURE_AUTORELEASING = YES;
				CLANG_WARN_BOOL_CONVERSION = YES;
				CLANG_WARN_COMMA = YES;
				CLANG_WARN_CONSTANT_CONVERSION = YES;
				CLANG_WARN_DEPRECATED_OBJC_IMPLEMENTATIONS = YES;
				CLANG_WARN_DIRECT_OBJC_ISA_USAGE = YES_ERROR;
				CLANG_WARN_DOCUMENTATION_COMMENTS = YES;
				CLANG_WARN_EMPTY_BODY = YES;
				CLANG_WARN_ENUM_CONVERSION = YES;
				CLANG_WARN_INFINITE_RECURSION = YES;
				CLANG_WARN_INT_CONVERSION = YES;
				CLANG_WARN_NON_LITERAL_NULL_CONVERSION = YES;
				CLANG_WARN_OBJC_IMPLICIT_RETAIN_SELF = YES;
				CLANG_WARN_OBJC_LITERAL_CONVERSION = YES;
				CLANG_WARN_OBJC_ROOT_CLASS = YES_ERROR;
				CLANG_WARN_QUOTED_INCLUDE_IN_FRAMEWORK_HEADER = YES;
				CLANG_WARN_RANGE_LOOP_ANALYSIS = YES;
				CLANG_WARN_STRICT_PROTOTYPES = YES;
				CLANG_WARN_SUSPICIOUS_MOVE = YES;
				CLANG_WARN_UNGUARDED_AVAILABILITY = YES_AGGRESSIVE;
				CLANG_WARN_UNREACHABLE_CODE = YES;
				CLANG_WARN__DUPLICATE_METHOD_MATCH = YES;
				COPY_PHASE_STRIP = NO;
				DEBUG_INFORMATION_FORMAT = dwarf;
				ENABLE_STRICT_OBJC_MSGSEND = YES;
				ENABLE_TESTABILITY = YES;
				ENABLE_USER_SCRIPT_SANDBOXING = YES;
				GCC_C_LANGUAGE_STANDARD = gnu11;
				GCC_DYNAMIC_NO_PIC = NO;
				GCC_NO_COMMON_BLOCKS = YES;
				GCC_OPTIMIZATION_LEVEL = 0;
				GCC_PREPROCESSOR_DEFINITIONS = (
					"$(inherited)",
					"DEBUG=1",
				);
				GCC_WARN_64_TO_32_BIT_CONVERSION = YES;
				GCC_WARN_ABOUT_RETURN_TYPE = YES_ERROR;
				GCC_WARN_UNDECLARED_SELECTOR = YES;
				GCC_WARN_UNINITIALIZED_AUTOS = YES_AGGRESSIVE;
				GCC_WARN_UNUSED_FUNCTION = YES;
				GCC_WARN_UNUSED_VARIABLE = YES;
				IPHONEOS_DEPLOYMENT_TARGET = 18.0;
				MTL_ENABLE_DEBUG_INFO = INCLUDE_SOURCE;
				MTL_FAST_MATH = YES;
				ONLY_ACTIVE_ARCH = YES;
				PRODUCT_NAME = "$(TARGET_NAME)";
				SDKROOT = iphoneos;
				STRING_CATALOG_GENERATE_SYMBOLS = YES;
				SWIFT_ACTIVE_COMPILATION_CONDITIONS = DEBUG;
				SWIFT_OPTIMIZATION_LEVEL = "-Onone";
				SWIFT_VERSION = 5.0;
			};
			name = Debug;
		};
		D51CE4F635D8E1BF0A324598 /* Release */ = {
			isa = XCBuildConfiguration;
			baseConfigurationReference = C24576CAE9EF72FAF0A56F1C /* MonotaskSigning.xcconfig */;
			buildSettings = {
				ASSETCATALOG_COMPILER_APPICON_NAME = "";
				CODE_SIGN_IDENTITY = "iPhone Developer";
				CURRENT_PROJECT_VERSION = 1;
				DEVELOPMENT_TEAM = 7294Y62396;
				GENERATE_INFOPLIST_FILE = NO;
				INFOPLIST_FILE = Monotask/App/Info.plist;
				LD_RUNPATH_SEARCH_PATHS = (
					"$(inherited)",
					"@executable_path/Frameworks",
				);
				MARKETING_VERSION = 1.0.0;
				PRODUCT_BUNDLE_IDENTIFIER = com.monotask.Monotask;
				SDKROOT = iphoneos;
				TARGETED_DEVICE_FAMILY = 1;
			};
			name = Release;
		};
		D705B5AEF66E071C12FE734A /* Release */ = {
			isa = XCBuildConfiguration;
			baseConfigurationReference = C24576CAE9EF72FAF0A56F1C /* MonotaskSigning.xcconfig */;
			buildSettings = {
				BUNDLE_LOADER = "$(TEST_HOST)";
				GENERATE_INFOPLIST_FILE = YES;
				LD_RUNPATH_SEARCH_PATHS = (
					"$(inherited)",
					"@executable_path/Frameworks",
					"@loader_path/Frameworks",
				);
				PRODUCT_BUNDLE_IDENTIFIER = com.monotask.MonotaskTests;
				SDKROOT = iphoneos;
				TARGETED_DEVICE_FAMILY = "1,2";
				TEST_HOST = "$(BUILT_PRODUCTS_DIR)/Monotask.app/$(BUNDLE_EXECUTABLE_FOLDER_PATH)/Monotask";
			};
			name = Release;
		};
		D99C744905F41F7A34B88F7A /* Debug */ = {
			isa = XCBuildConfiguration;
			baseConfigurationReference = C24576CAE9EF72FAF0A56F1C /* MonotaskSigning.xcconfig */;
			buildSettings = {
				ASSETCATALOG_COMPILER_APPICON_NAME = "";
				CODE_SIGN_IDENTITY = "iPhone Developer";
				CURRENT_PROJECT_VERSION = 1;
				DEVELOPMENT_TEAM = 7294Y62396;
				GENERATE_INFOPLIST_FILE = NO;
				INFOPLIST_FILE = Monotask/App/Info.plist;
				LD_RUNPATH_SEARCH_PATHS = (
					"$(inherited)",
					"@executable_path/Frameworks",
				);
				MARKETING_VERSION = 1.0.0;
				PRODUCT_BUNDLE_IDENTIFIER = com.monotask.Monotask;
				SDKROOT = iphoneos;
				TARGETED_DEVICE_FAMILY = 1;
			};
			name = Debug;
		};
/* End XCBuildConfiguration section */

/* Begin XCConfigurationList section */
		3479483E8664B9BDBE226CBB /* Build configuration list for PBXNativeTarget "Monotask" */ = {
			isa = XCConfigurationList;
			buildConfigurations = (
				D99C744905F41F7A34B88F7A /* Debug */,
				D51CE4F635D8E1BF0A324598 /* Release */,
			);
			defaultConfigurationIsVisible = 0;
			defaultConfigurationName = Debug;
		};
		6BFB00E8D9F309545F5D247D /* Build configuration list for PBXProject "Monotask" */ = {
			isa = XCConfigurationList;
			buildConfigurations = (
				C8AA34D7BAFF8A17413286D8 /* Debug */,
				8EF518D59693BB9644DA2BAE /* Release */,
			);
			defaultConfigurationIsVisible = 0;
			defaultConfigurationName = Debug;
		};
		7BE97507826ABBDB5229CBDB /* Build configuration list for PBXNativeTarget "MonotaskTests" */ = {
			isa = XCConfigurationList;
			buildConfigurations = (
				9AF6DD85B4FBCEC8861868BC /* Debug */,
				D705B5AEF66E071C12FE734A /* Release */,
			);
			defaultConfigurationIsVisible = 0;
			defaultConfigurationName = Debug;
		};
/* End XCConfigurationList section */
	};
	rootObject = B5C95FDD9E33B453AF96E710 /* Project object */;
}
